
Microsoft Visual Studio Solution File, Format Version 12.00
# Visual Studio Version 17
VisualStudioVersion = 17.11.35327.3
MinimumVisualStudioVersion = 10.0.40219.1
Project("{9A19103F-16F7-4668-BE54-9A1E7A4F7556}") = "Norebase_Like_Feature_Challenge", "Like Button Practice Feature\Norebase_Like_Feature_Challenge.csproj", "{A92A4CED-9E2D-4672-9742-CA958141388E}"
EndProject
Global
	GlobalSection(SolutionConfigurationPlatforms) = preSolution
		Debug|Any CPU = Debug|Any CPU
		Release|Any CPU = Release|Any CPU
	EndGlobalSection
	GlobalSection(ProjectConfigurationPlatforms) = postSolution
		{A92A4CED-9E2D-4672-9742-CA958141388E}.Debug|Any CPU.ActiveCfg = Debug|Any CPU
		{A92A4CED-9E2D-4672-9742-CA958141388E}.Debug|Any CPU.Build.0 = Debug|Any CPU
		{A92A4CED-9E2D-4672-9742-CA958141388E}.Release|Any CPU.ActiveCfg = Release|Any CPU
		{A92A4CED-9E2D-4672-9742-CA958141388E}.Release|Any CPU.Build.0 = Release|Any CPU
	EndGlobalSection
	GlobalSection(SolutionProperties) = preSolution
		HideSolutionNode = FALSE
	EndGlobalSection
	GlobalSection(ExtensibilityGlobals) = postSolution
		SolutionGuid = {B7E91B42-59E5-460E-8874-23B5146C51BA}
	EndGlobalSection
EndGlobal
